
Microsoft Visual Studio Solution File, Format Version 12.00
# Visual Studio Version 16
VisualStudioVersion = 16.0.28822.285
MinimumVisualStudioVersion = 10.0.40219.1
Project("{FAE04EC0-301F-11D3-BF4B-00C04F79EFBC}") = "Cars", "Cars.csproj", "{BAE91852-4D03-4749-8372-C14768AD1A98}"
EndProject
Project("{2150E333-8FDC-42A3-9474-1A3956D46DE8}") = "1.- UI", "1.- UI", "{F645AE45-2CE6-4E17-9C86-F1CC804145D5}"
EndProject
Project("{2150E333-8FDC-42A3-9474-1A3956D46DE8}") = "2.- Bussiness", "2.- Bussiness", "{E3DE3E87-FA5C-4181-870A-7C30292D90BE}"
EndProject
Project("{FAE04EC0-301F-11D3-BF4B-00C04F79EFBC}") = "BusCars", "..\BusCars\BusCars.csproj", "{7F17723E-E6AA-4583-9CBB-1518A520D33F}"
EndProject
Global
	GlobalSection(SolutionConfigurationPlatforms) = preSolution
		Debug|Any CPU = Debug|Any CPU
		Release|Any CPU = Release|Any CPU
	EndGlobalSection
	GlobalSection(ProjectConfigurationPlatforms) = postSolution
		{BAE91852-4D03-4749-8372-C14768AD1A98}.Debug|Any CPU.ActiveCfg = Debug|Any CPU
		{BAE91852-4D03-4749-8372-C14768AD1A98}.Debug|Any CPU.Build.0 = Debug|Any CPU
		{BAE91852-4D03-4749-8372-C14768AD1A98}.Release|Any CPU.ActiveCfg = Release|Any CPU
		{BAE91852-4D03-4749-8372-C14768AD1A98}.Release|Any CPU.Build.0 = Release|Any CPU
		{7F17723E-E6AA-4583-9CBB-1518A520D33F}.Debug|Any CPU.ActiveCfg = Debug|Any CPU
		{7F17723E-E6AA-4583-9CBB-1518A520D33F}.Debug|Any CPU.Build.0 = Debug|Any CPU
		{7F17723E-E6AA-4583-9CBB-1518A520D33F}.Release|Any CPU.ActiveCfg = Release|Any CPU
		{7F17723E-E6AA-4583-9CBB-1518A520D33F}.Release|Any CPU.Build.0 = Release|Any CPU
	EndGlobalSection
	GlobalSection(SolutionProperties) = preSolution
		HideSolutionNode = FALSE
	EndGlobalSection
	GlobalSection(NestedProjects) = preSolution
		{BAE91852-4D03-4749-8372-C14768AD1A98} = {F645AE45-2CE6-4E17-9C86-F1CC804145D5}
		{7F17723E-E6AA-4583-9CBB-1518A520D33F} = {E3DE3E87-FA5C-4181-870A-7C30292D90BE}
	EndGlobalSection
	GlobalSection(ExtensibilityGlobals) = postSolution
		SolutionGuid = {EE56512F-735F-476F-99A5-D69A2D04D752}
	EndGlobalSection
EndGlobal
