
Microsoft Visual Studio Solution File, Format Version 12.00
# Visual Studio Version 16
VisualStudioVersion = 16.0.28822.285
MinimumVisualStudioVersion = 10.0.40219.1
Project("{FAE04EC0-301F-11D3-BF4B-00C04F79EFBC}") = "GitCorrecto", "GitCorrecto\GitCorrecto.csproj", "{20DEA1C3-1FF1-47D8-ACB4-7E9F7C9CAE3E}"
EndProject
Global
	GlobalSection(SolutionConfigurationPlatforms) = preSolution
		Debug|Any CPU = Debug|Any CPU
		Release|Any CPU = Release|Any CPU
	EndGlobalSection
	GlobalSection(ProjectConfigurationPlatforms) = postSolution
		{20DEA1C3-1FF1-47D8-ACB4-7E9F7C9CAE3E}.Debug|Any CPU.ActiveCfg = Debug|Any CPU
		{20DEA1C3-1FF1-47D8-ACB4-7E9F7C9CAE3E}.Debug|Any CPU.Build.0 = Debug|Any CPU
		{20DEA1C3-1FF1-47D8-ACB4-7E9F7C9CAE3E}.Release|Any CPU.ActiveCfg = Release|Any CPU
		{20DEA1C3-1FF1-47D8-ACB4-7E9F7C9CAE3E}.Release|Any CPU.Build.0 = Release|Any CPU
	EndGlobalSection
	GlobalSection(SolutionProperties) = preSolution
		HideSolutionNode = FALSE
	EndGlobalSection
	GlobalSection(ExtensibilityGlobals) = postSolution
		SolutionGuid = {3E2A6E1C-1DDD-4BA9-ADAC-2191F26B3C3F}
	EndGlobalSection
EndGlobal
